
Microsoft Visual Studio Solution File, Format Version 12.00
# Visual Studio Version 17
VisualStudioVersion = 17.9.34728.123
MinimumVisualStudioVersion = 10.0.40219.1
Project("{FAE04EC0-301F-11D3-BF4B-00C04F79EFBC}") = "Projeto1", "Projeto1.csproj", "{A9864A57-7B9C-4FE1-9A9B-90D544C9506B}"
EndProject
Global
	GlobalSection(SolutionConfigurationPlatforms) = preSolution
		Debug|Any CPU = Debug|Any CPU
		Release|Any CPU = Release|Any CPU
	EndGlobalSection
	GlobalSection(ProjectConfigurationPlatforms) = postSolution
		{A9864A57-7B9C-4FE1-9A9B-90D544C9506B}.Debug|Any CPU.ActiveCfg = Debug|Any CPU
		{A9864A57-7B9C-4FE1-9A9B-90D544C9506B}.Debug|Any CPU.Build.0 = Debug|Any CPU
		{A9864A57-7B9C-4FE1-9A9B-90D544C9506B}.Release|Any CPU.ActiveCfg = Release|Any CPU
		{A9864A57-7B9C-4FE1-9A9B-90D544C9506B}.Release|Any CPU.Build.0 = Release|Any CPU
	EndGlobalSection
	GlobalSection(SolutionProperties) = preSolution
		HideSolutionNode = FALSE
	EndGlobalSection
	GlobalSection(ExtensibilityGlobals) = postSolution
		SolutionGuid = {C67102B6-A02F-403F-9F54-5F9F76A39F29}
	EndGlobalSection
EndGlobal
